
Microsoft Visual Studio Solution File, Format Version 12.00
# Visual Studio Version 17
VisualStudioVersion = 17.7.34031.279
MinimumVisualStudioVersion = 10.0.40219.1
Project("{FAE04EC0-301F-11D3-BF4B-00C04F79EFBC}") = "EntitiyFrameworkAddDeleteExamples", "EntitiyFrameworkAddDeleteExamples.csproj", "{C3B673FC-5CC6-4F5D-AD75-84FD96907DCE}"
EndProject
Global
	GlobalSection(SolutionConfigurationPlatforms) = preSolution
		Debug|Any CPU = Debug|Any CPU
		Release|Any CPU = Release|Any CPU
	EndGlobalSection
	GlobalSection(ProjectConfigurationPlatforms) = postSolution
		{C3B673FC-5CC6-4F5D-AD75-84FD96907DCE}.Debug|Any CPU.ActiveCfg = Debug|Any CPU
		{C3B673FC-5CC6-4F5D-AD75-84FD96907DCE}.Debug|Any CPU.Build.0 = Debug|Any CPU
		{C3B673FC-5CC6-4F5D-AD75-84FD96907DCE}.Release|Any CPU.ActiveCfg = Release|Any CPU
		{C3B673FC-5CC6-4F5D-AD75-84FD96907DCE}.Release|Any CPU.Build.0 = Release|Any CPU
	EndGlobalSection
	GlobalSection(SolutionProperties) = preSolution
		HideSolutionNode = FALSE
	EndGlobalSection
	GlobalSection(ExtensibilityGlobals) = postSolution
		SolutionGuid = {89C97274-34A8-4D25-A855-18AF81108D9B}
	EndGlobalSection
EndGlobal
